# This file is autogenerated, do not edit; changes may be undone by the next 'dep ensure'.


[[projects]]
  digest = "1:387dd3718ac720c126abc0e3fb5e44bb1765fb415454c930464da3e41a82d9c7"
  name = "github.com/cloudevents/sdk-go"
  packages = ["pkg/cloudevents/types"]
  pruneopts = "UT"
  revision = "e00e75c8a1befe895cc00def1f88adb611195159"
  version = "0.4.4"

[solve-meta]
  analyzer-name = "dep"
  analyzer-version = 1
  input-imports = ["github.com/cloudevents/sdk-go/pkg/cloudevents/types"]
  solver-name = "gps-cdcl"
  solver-version = 1
